
Microsoft Visual Studio Solution File, Format Version 12.00
# Visual Studio 2012
Project("{FAE04EC0-301F-11D3-BF4B-00C04F79EFBC}") = "MySchool", "MySchool\MySchool.csproj", "{BCCE6600-B1ED-4FC4-9463-9E3629A9A33F}"
EndProject
Project("{FAE04EC0-301F-11D3-BF4B-00C04F79EFBC}") = "MySchoolDAL", "MySchoolDAL\MySchoolDAL.csproj", "{E1F2D38E-8F3C-43DC-8DED-6FBA72189873}"
EndProject
Project("{FAE04EC0-301F-11D3-BF4B-00C04F79EFBC}") = "MySchoolBLL", "MySchoolBLL\MySchoolBLL.csproj", "{17486579-46D2-4CA7-B3EE-3D63DFCBEE2D}"
EndProject
Project("{FAE04EC0-301F-11D3-BF4B-00C04F79EFBC}") = "MySchoolModels", "MySchoolModels\MySchoolModels.csproj", "{7CB4A96A-F477-421C-B91A-BCCBF1C481AD}"
EndProject
Project("{FAE04EC0-301F-11D3-BF4B-00C04F79EFBC}") = "MySchoolComman", "MySchoolComman\MySchoolComman.csproj", "{873EA8E7-A6D0-4834-8AED-F4BCD24472CE}"
EndProject
Project("{FAE04EC0-301F-11D3-BF4B-00C04F79EFBC}") = "SelectStudent", "SelectStudent\SelectStudent.csproj", "{20B7325C-07AE-447C-9355-319A86E5CCCD}"
EndProject
Global
	GlobalSection(SolutionConfigurationPlatforms) = preSolution
		Debug|Any CPU = Debug|Any CPU
		Release|Any CPU = Release|Any CPU
	EndGlobalSection
	GlobalSection(ProjectConfigurationPlatforms) = postSolution
		{BCCE6600-B1ED-4FC4-9463-9E3629A9A33F}.Debug|Any CPU.ActiveCfg = Debug|Any CPU
		{BCCE6600-B1ED-4FC4-9463-9E3629A9A33F}.Debug|Any CPU.Build.0 = Debug|Any CPU
		{BCCE6600-B1ED-4FC4-9463-9E3629A9A33F}.Release|Any CPU.ActiveCfg = Release|Any CPU
		{BCCE6600-B1ED-4FC4-9463-9E3629A9A33F}.Release|Any CPU.Build.0 = Release|Any CPU
		{E1F2D38E-8F3C-43DC-8DED-6FBA72189873}.Debug|Any CPU.ActiveCfg = Debug|Any CPU
		{E1F2D38E-8F3C-43DC-8DED-6FBA72189873}.Debug|Any CPU.Build.0 = Debug|Any CPU
		{E1F2D38E-8F3C-43DC-8DED-6FBA72189873}.Release|Any CPU.ActiveCfg = Release|Any CPU
		{E1F2D38E-8F3C-43DC-8DED-6FBA72189873}.Release|Any CPU.Build.0 = Release|Any CPU
		{17486579-46D2-4CA7-B3EE-3D63DFCBEE2D}.Debug|Any CPU.ActiveCfg = Debug|Any CPU
		{17486579-46D2-4CA7-B3EE-3D63DFCBEE2D}.Debug|Any CPU.Build.0 = Debug|Any CPU
		{17486579-46D2-4CA7-B3EE-3D63DFCBEE2D}.Release|Any CPU.ActiveCfg = Release|Any CPU
		{17486579-46D2-4CA7-B3EE-3D63DFCBEE2D}.Release|Any CPU.Build.0 = Release|Any CPU
		{7CB4A96A-F477-421C-B91A-BCCBF1C481AD}.Debug|Any CPU.ActiveCfg = Debug|Any CPU
		{7CB4A96A-F477-421C-B91A-BCCBF1C481AD}.Debug|Any CPU.Build.0 = Debug|Any CPU
		{7CB4A96A-F477-421C-B91A-BCCBF1C481AD}.Release|Any CPU.ActiveCfg = Release|Any CPU
		{7CB4A96A-F477-421C-B91A-BCCBF1C481AD}.Release|Any CPU.Build.0 = Release|Any CPU
		{873EA8E7-A6D0-4834-8AED-F4BCD24472CE}.Debug|Any CPU.ActiveCfg = Debug|Any CPU
		{873EA8E7-A6D0-4834-8AED-F4BCD24472CE}.Debug|Any CPU.Build.0 = Debug|Any CPU
		{873EA8E7-A6D0-4834-8AED-F4BCD24472CE}.Release|Any CPU.ActiveCfg = Release|Any CPU
		{873EA8E7-A6D0-4834-8AED-F4BCD24472CE}.Release|Any CPU.Build.0 = Release|Any CPU
		{20B7325C-07AE-447C-9355-319A86E5CCCD}.Debug|Any CPU.ActiveCfg = Debug|Any CPU
		{20B7325C-07AE-447C-9355-319A86E5CCCD}.Debug|Any CPU.Build.0 = Debug|Any CPU
		{20B7325C-07AE-447C-9355-319A86E5CCCD}.Release|Any CPU.ActiveCfg = Release|Any CPU
		{20B7325C-07AE-447C-9355-319A86E5CCCD}.Release|Any CPU.Build.0 = Release|Any CPU
	EndGlobalSection
	GlobalSection(SolutionProperties) = preSolution
		HideSolutionNode = FALSE
	EndGlobalSection
EndGlobal
