
Microsoft Visual Studio Solution File, Format Version 12.00
# Visual Studio 2012
Project("{FAE04EC0-301F-11D3-BF4B-00C04F79EFBC}") = "Chapter1", "S2_T81\Chapter1.csproj", "{D87CE7A5-16D7-41EA-9BC6-F0DD089ACC73}"
EndProject
Project("{FAE04EC0-301F-11D3-BF4B-00C04F79EFBC}") = "Chapter2", "Chapter2\Chapter2.csproj", "{0A682943-D81B-479D-AA1D-AF7D2CF53A9C}"
EndProject
Project("{FAE04EC0-301F-11D3-BF4B-00C04F79EFBC}") = "Chapter_work", "Chapter_work\Chapter_work.csproj", "{12B8A2FB-62B7-4F9F-A3E6-2FFAA1BA588A}"
EndProject
Global
	GlobalSection(SolutionConfigurationPlatforms) = preSolution
		Debug|Any CPU = Debug|Any CPU
		Release|Any CPU = Release|Any CPU
	EndGlobalSection
	GlobalSection(ProjectConfigurationPlatforms) = postSolution
		{D87CE7A5-16D7-41EA-9BC6-F0DD089ACC73}.Debug|Any CPU.ActiveCfg = Debug|Any CPU
		{D87CE7A5-16D7-41EA-9BC6-F0DD089ACC73}.Debug|Any CPU.Build.0 = Debug|Any CPU
		{D87CE7A5-16D7-41EA-9BC6-F0DD089ACC73}.Release|Any CPU.ActiveCfg = Release|Any CPU
		{D87CE7A5-16D7-41EA-9BC6-F0DD089ACC73}.Release|Any CPU.Build.0 = Release|Any CPU
		{0A682943-D81B-479D-AA1D-AF7D2CF53A9C}.Debug|Any CPU.ActiveCfg = Debug|Any CPU
		{0A682943-D81B-479D-AA1D-AF7D2CF53A9C}.Debug|Any CPU.Build.0 = Debug|Any CPU
		{0A682943-D81B-479D-AA1D-AF7D2CF53A9C}.Release|Any CPU.ActiveCfg = Release|Any CPU
		{0A682943-D81B-479D-AA1D-AF7D2CF53A9C}.Release|Any CPU.Build.0 = Release|Any CPU
		{12B8A2FB-62B7-4F9F-A3E6-2FFAA1BA588A}.Debug|Any CPU.ActiveCfg = Debug|Any CPU
		{12B8A2FB-62B7-4F9F-A3E6-2FFAA1BA588A}.Debug|Any CPU.Build.0 = Debug|Any CPU
		{12B8A2FB-62B7-4F9F-A3E6-2FFAA1BA588A}.Release|Any CPU.ActiveCfg = Release|Any CPU
		{12B8A2FB-62B7-4F9F-A3E6-2FFAA1BA588A}.Release|Any CPU.Build.0 = Release|Any CPU
	EndGlobalSection
	GlobalSection(SolutionProperties) = preSolution
		HideSolutionNode = FALSE
	EndGlobalSection
EndGlobal
