
Microsoft Visual Studio Solution File, Format Version 12.00
# Visual Studio 2012
Project("{FAE04EC0-301F-11D3-BF4B-00C04F79EFBC}") = "Studentm", "Studentm\Studentm.csproj", "{92EDA6A4-7742-40BA-B25C-E05BBB040550}"
EndProject
Project("{FAE04EC0-301F-11D3-BF4B-00C04F79EFBC}") = "StudentModel", "StudentModel\StudentModel.csproj", "{04D5EC1B-1BD2-42A8-B0B4-6CAD33AFB1DD}"
EndProject
Project("{FAE04EC0-301F-11D3-BF4B-00C04F79EFBC}") = "StudentDAL", "StudentDAL\StudentDAL.csproj", "{6AC6FC20-1C57-4E1B-BDAD-A5895DD66623}"
EndProject
Project("{FAE04EC0-301F-11D3-BF4B-00C04F79EFBC}") = "StudentBLL", "StudentBLL\StudentBLL.csproj", "{06271F8E-69F3-42F9-89D0-82BC069B6B3C}"
EndProject
Global
	GlobalSection(SolutionConfigurationPlatforms) = preSolution
		Debug|Any CPU = Debug|Any CPU
		Release|Any CPU = Release|Any CPU
	EndGlobalSection
	GlobalSection(ProjectConfigurationPlatforms) = postSolution
		{92EDA6A4-7742-40BA-B25C-E05BBB040550}.Debug|Any CPU.ActiveCfg = Debug|Any CPU
		{92EDA6A4-7742-40BA-B25C-E05BBB040550}.Debug|Any CPU.Build.0 = Debug|Any CPU
		{92EDA6A4-7742-40BA-B25C-E05BBB040550}.Release|Any CPU.ActiveCfg = Release|Any CPU
		{92EDA6A4-7742-40BA-B25C-E05BBB040550}.Release|Any CPU.Build.0 = Release|Any CPU
		{04D5EC1B-1BD2-42A8-B0B4-6CAD33AFB1DD}.Debug|Any CPU.ActiveCfg = Debug|Any CPU
		{04D5EC1B-1BD2-42A8-B0B4-6CAD33AFB1DD}.Debug|Any CPU.Build.0 = Debug|Any CPU
		{04D5EC1B-1BD2-42A8-B0B4-6CAD33AFB1DD}.Release|Any CPU.ActiveCfg = Release|Any CPU
		{04D5EC1B-1BD2-42A8-B0B4-6CAD33AFB1DD}.Release|Any CPU.Build.0 = Release|Any CPU
		{6AC6FC20-1C57-4E1B-BDAD-A5895DD66623}.Debug|Any CPU.ActiveCfg = Debug|Any CPU
		{6AC6FC20-1C57-4E1B-BDAD-A5895DD66623}.Debug|Any CPU.Build.0 = Debug|Any CPU
		{6AC6FC20-1C57-4E1B-BDAD-A5895DD66623}.Release|Any CPU.ActiveCfg = Release|Any CPU
		{6AC6FC20-1C57-4E1B-BDAD-A5895DD66623}.Release|Any CPU.Build.0 = Release|Any CPU
		{06271F8E-69F3-42F9-89D0-82BC069B6B3C}.Debug|Any CPU.ActiveCfg = Debug|Any CPU
		{06271F8E-69F3-42F9-89D0-82BC069B6B3C}.Debug|Any CPU.Build.0 = Debug|Any CPU
		{06271F8E-69F3-42F9-89D0-82BC069B6B3C}.Release|Any CPU.ActiveCfg = Release|Any CPU
		{06271F8E-69F3-42F9-89D0-82BC069B6B3C}.Release|Any CPU.Build.0 = Release|Any CPU
	EndGlobalSection
	GlobalSection(SolutionProperties) = preSolution
		HideSolutionNode = FALSE
	EndGlobalSection
EndGlobal
