
Microsoft Visual Studio Solution File, Format Version 12.00
# Visual Studio 2012
Project("{FAE04EC0-301F-11D3-BF4B-00C04F79EFBC}") = "Mount", "Mount\Mount.csproj", "{DE9A4632-D352-414E-B928-AF2D059F37AD}"
EndProject
Global
	GlobalSection(SolutionConfigurationPlatforms) = preSolution
		Debug|Any CPU = Debug|Any CPU
		Release|Any CPU = Release|Any CPU
	EndGlobalSection
	GlobalSection(ProjectConfigurationPlatforms) = postSolution
		{DE9A4632-D352-414E-B928-AF2D059F37AD}.Debug|Any CPU.ActiveCfg = Debug|Any CPU
		{DE9A4632-D352-414E-B928-AF2D059F37AD}.Debug|Any CPU.Build.0 = Debug|Any CPU
		{DE9A4632-D352-414E-B928-AF2D059F37AD}.Release|Any CPU.ActiveCfg = Release|Any CPU
		{DE9A4632-D352-414E-B928-AF2D059F37AD}.Release|Any CPU.Build.0 = Release|Any CPU
	EndGlobalSection
	GlobalSection(SolutionProperties) = preSolution
		HideSolutionNode = FALSE
	EndGlobalSection
EndGlobal
