
Microsoft Visual Studio Solution File, Format Version 12.00
# Visual Studio 2012
Project("{FAE04EC0-301F-11D3-BF4B-00C04F79EFBC}") = "cssxs", "cssxs\cssxs.csproj", "{6F681C70-55D6-4125-8C9D-88166791ACC9}"
EndProject
Global
	GlobalSection(SolutionConfigurationPlatforms) = preSolution
		Debug|Any CPU = Debug|Any CPU
		Release|Any CPU = Release|Any CPU
	EndGlobalSection
	GlobalSection(ProjectConfigurationPlatforms) = postSolution
		{6F681C70-55D6-4125-8C9D-88166791ACC9}.Debug|Any CPU.ActiveCfg = Debug|Any CPU
		{6F681C70-55D6-4125-8C9D-88166791ACC9}.Debug|Any CPU.Build.0 = Debug|Any CPU
		{6F681C70-55D6-4125-8C9D-88166791ACC9}.Release|Any CPU.ActiveCfg = Release|Any CPU
		{6F681C70-55D6-4125-8C9D-88166791ACC9}.Release|Any CPU.Build.0 = Release|Any CPU
	EndGlobalSection
	GlobalSection(SolutionProperties) = preSolution
		HideSolutionNode = FALSE
	EndGlobalSection
EndGlobal
