
Microsoft Visual Studio Solution File, Format Version 12.00
# Visual Studio 2012
Project("{FAE04EC0-301F-11D3-BF4B-00C04F79EFBC}") = "LogIn_Forms", "LogIn_Forms\LogIn_Forms.csproj", "{FD101763-0D7E-45EA-96A5-766B62AE1B0C}"
EndProject
Global
	GlobalSection(SolutionConfigurationPlatforms) = preSolution
		Debug|Any CPU = Debug|Any CPU
		Release|Any CPU = Release|Any CPU
	EndGlobalSection
	GlobalSection(ProjectConfigurationPlatforms) = postSolution
		{FD101763-0D7E-45EA-96A5-766B62AE1B0C}.Debug|Any CPU.ActiveCfg = Debug|Any CPU
		{FD101763-0D7E-45EA-96A5-766B62AE1B0C}.Debug|Any CPU.Build.0 = Debug|Any CPU
		{FD101763-0D7E-45EA-96A5-766B62AE1B0C}.Release|Any CPU.ActiveCfg = Release|Any CPU
		{FD101763-0D7E-45EA-96A5-766B62AE1B0C}.Release|Any CPU.Build.0 = Release|Any CPU
	EndGlobalSection
	GlobalSection(SolutionProperties) = preSolution
		HideSolutionNode = FALSE
	EndGlobalSection
EndGlobal
