
Microsoft Visual Studio Solution File, Format Version 12.00
# Visual Studio 2012
Project("{FAE04EC0-301F-11D3-BF4B-00C04F79EFBC}") = "Temp", "Temp\Temp.csproj", "{23466DCE-6EE8-452B-A2D4-B810E9B6019A}"
EndProject
Global
	GlobalSection(SolutionConfigurationPlatforms) = preSolution
		Debug|Any CPU = Debug|Any CPU
		Release|Any CPU = Release|Any CPU
	EndGlobalSection
	GlobalSection(ProjectConfigurationPlatforms) = postSolution
		{23466DCE-6EE8-452B-A2D4-B810E9B6019A}.Debug|Any CPU.ActiveCfg = Debug|Any CPU
		{23466DCE-6EE8-452B-A2D4-B810E9B6019A}.Debug|Any CPU.Build.0 = Debug|Any CPU
		{23466DCE-6EE8-452B-A2D4-B810E9B6019A}.Release|Any CPU.ActiveCfg = Release|Any CPU
		{23466DCE-6EE8-452B-A2D4-B810E9B6019A}.Release|Any CPU.Build.0 = Release|Any CPU
	EndGlobalSection
	GlobalSection(SolutionProperties) = preSolution
		HideSolutionNode = FALSE
	EndGlobalSection
EndGlobal
